
Microsoft Visual Studio Solution File, Format Version 12.00
Project("{FAE04EC0-301F-11D3-BF4B-00C04F79EFBC}") = "Backend", "Backend\Backend.csproj", "{988C2FC3-48CD-4D32-B034-EEAEBF902436}"
EndProject
Project("{FAE04EC0-301F-11D3-BF4B-00C04F79EFBC}") = "Scratch", "Scratch\Scratch.csproj", "{E3D346C1-00E8-4404-A069-B5E0C8CCB81A}"
EndProject
Global
	GlobalSection(SolutionConfigurationPlatforms) = preSolution
		Debug|Any CPU = Debug|Any CPU
		Release|Any CPU = Release|Any CPU
	EndGlobalSection
	GlobalSection(ProjectConfigurationPlatforms) = postSolution
		{988C2FC3-48CD-4D32-B034-EEAEBF902436}.Debug|Any CPU.ActiveCfg = Debug|Any CPU
		{988C2FC3-48CD-4D32-B034-EEAEBF902436}.Debug|Any CPU.Build.0 = Debug|Any CPU
		{988C2FC3-48CD-4D32-B034-EEAEBF902436}.Release|Any CPU.ActiveCfg = Release|Any CPU
		{988C2FC3-48CD-4D32-B034-EEAEBF902436}.Release|Any CPU.Build.0 = Release|Any CPU
		{E3D346C1-00E8-4404-A069-B5E0C8CCB81A}.Debug|Any CPU.ActiveCfg = Debug|Any CPU
		{E3D346C1-00E8-4404-A069-B5E0C8CCB81A}.Debug|Any CPU.Build.0 = Debug|Any CPU
		{E3D346C1-00E8-4404-A069-B5E0C8CCB81A}.Release|Any CPU.ActiveCfg = Release|Any CPU
		{E3D346C1-00E8-4404-A069-B5E0C8CCB81A}.Release|Any CPU.Build.0 = Release|Any CPU
	EndGlobalSection
EndGlobal
